{
  "name": "tech2-solution-root",
<<<<<<< HEAD
  "version": "1.0.0",
=======
  "version": "1.10.7",
>>>>>>> f8b858b (Carga de Serials correctaente)
  "lockfileVersion": 3,
  "requires": true,
  "packages": {
    "": {
      "name": "tech2-solution-root",
<<<<<<< HEAD
      "version": "1.0.0"
=======
      "version": "1.10.7"
>>>>>>> f8b858b (Carga de Serials correctaente)
    }
  }
}
